//PATCH - DELETE // rotas com parametro ID

import { deleteTarefa, updateTarefa } from "@/controllers/tarefaController";
import { NextRequest, NextResponse } from "next/server";

interface Parametros {
  id: string;
}

//PATCH
export async function PATCH(req: NextRequest, { rota }: { rota: Parametros }) {
  try {
    const { id } = rota; //pega o id da Rota
    const data = await req.json();
    const tarefaAtualizada = await updateTarefa(id, data);
    return NextResponse.json({ success: true, data: tarefaAtualizada });
  } catch (e) {
    return NextResponse.json({ success: false, error: e });
  }
}

//DELETE
export async function DELETE({ rota }: { rota: Parametros }) {
  try {
    const { id } = rota;
    await deleteTarefa(id);
    return NextResponse.json({ success: true, data: {} });
  } catch (e) {
    return NextResponse.json({ success: false, error: e });
  }
}
